
Microsoft Visual Studio Solution File, Format Version 12.00
# Visual Studio Version 16
VisualStudioVersion = 16.0.31515.178
MinimumVisualStudioVersion = 10.0.40219.1
Project("{9A19103F-16F7-4668-BE54-9A1E7A4F7556}") = "Hospha.Api", "Hospha.Api\Hospha.Api.csproj", "{852EB2C6-30A8-4D58-8FFD-E92AC55A261F}"
EndProject
Project("{FAE04EC0-301F-11D3-BF4B-00C04F79EFBC}") = "Hospha.IdentityServer", "Hospha.IdentityServer\Hospha.IdentityServer.csproj", "{0B82A5AC-7AD0-452F-951E-A50D1CA27CEA}"
EndProject
Project("{FAE04EC0-301F-11D3-BF4B-00C04F79EFBC}") = "Hospha.DbModel", "Hospha.DbModel\Hospha.DbModel.csproj", "{986304B1-0503-4A41-98B7-FB586860A05C}"
EndProject
Project("{FAE04EC0-301F-11D3-BF4B-00C04F79EFBC}") = "Hospha.Service", "Hospha.Service\Hospha.Service.csproj", "{04F04243-5DB0-45A0-AA40-91C42FF15EC0}"
EndProject
Project("{FAE04EC0-301F-11D3-BF4B-00C04F79EFBC}") = "Hospha.Model", "Hospha.Model\Hospha.Model.csproj", "{2E7562C8-D89D-4424-A256-4140B3957D0C}"
EndProject
Global
	GlobalSection(SolutionConfigurationPlatforms) = preSolution
		Debug|Any CPU = Debug|Any CPU
		Release|Any CPU = Release|Any CPU
	EndGlobalSection
	GlobalSection(ProjectConfigurationPlatforms) = postSolution
		{852EB2C6-30A8-4D58-8FFD-E92AC55A261F}.Debug|Any CPU.ActiveCfg = Debug|Any CPU
		{852EB2C6-30A8-4D58-8FFD-E92AC55A261F}.Debug|Any CPU.Build.0 = Debug|Any CPU
		{852EB2C6-30A8-4D58-8FFD-E92AC55A261F}.Release|Any CPU.ActiveCfg = Release|Any CPU
		{852EB2C6-30A8-4D58-8FFD-E92AC55A261F}.Release|Any CPU.Build.0 = Release|Any CPU
		{0B82A5AC-7AD0-452F-951E-A50D1CA27CEA}.Debug|Any CPU.ActiveCfg = Debug|Any CPU
		{0B82A5AC-7AD0-452F-951E-A50D1CA27CEA}.Debug|Any CPU.Build.0 = Debug|Any CPU
		{0B82A5AC-7AD0-452F-951E-A50D1CA27CEA}.Release|Any CPU.ActiveCfg = Release|Any CPU
		{0B82A5AC-7AD0-452F-951E-A50D1CA27CEA}.Release|Any CPU.Build.0 = Release|Any CPU
		{986304B1-0503-4A41-98B7-FB586860A05C}.Debug|Any CPU.ActiveCfg = Debug|Any CPU
		{986304B1-0503-4A41-98B7-FB586860A05C}.Debug|Any CPU.Build.0 = Debug|Any CPU
		{986304B1-0503-4A41-98B7-FB586860A05C}.Release|Any CPU.ActiveCfg = Release|Any CPU
		{986304B1-0503-4A41-98B7-FB586860A05C}.Release|Any CPU.Build.0 = Release|Any CPU
		{04F04243-5DB0-45A0-AA40-91C42FF15EC0}.Debug|Any CPU.ActiveCfg = Debug|Any CPU
		{04F04243-5DB0-45A0-AA40-91C42FF15EC0}.Debug|Any CPU.Build.0 = Debug|Any CPU
		{04F04243-5DB0-45A0-AA40-91C42FF15EC0}.Release|Any CPU.ActiveCfg = Release|Any CPU
		{04F04243-5DB0-45A0-AA40-91C42FF15EC0}.Release|Any CPU.Build.0 = Release|Any CPU
		{2E7562C8-D89D-4424-A256-4140B3957D0C}.Debug|Any CPU.ActiveCfg = Debug|Any CPU
		{2E7562C8-D89D-4424-A256-4140B3957D0C}.Debug|Any CPU.Build.0 = Debug|Any CPU
		{2E7562C8-D89D-4424-A256-4140B3957D0C}.Release|Any CPU.ActiveCfg = Release|Any CPU
		{2E7562C8-D89D-4424-A256-4140B3957D0C}.Release|Any CPU.Build.0 = Release|Any CPU
	EndGlobalSection
	GlobalSection(SolutionProperties) = preSolution
		HideSolutionNode = FALSE
	EndGlobalSection
	GlobalSection(ExtensibilityGlobals) = postSolution
		SolutionGuid = {D89A0F69-4C53-4E5B-8A6C-281E68DF6627}
	EndGlobalSection
EndGlobal
